<?xml version="1.0" encoding="UTF-8"?>
<!DOCTYPE plist PUBLIC "-//Apple//DTD PLIST 1.0//EN" "http://www.apple.com/DTDs/PropertyList-1.0.dtd">
<plist version="1.0">
<dict>
	<key>archiveVersion</key>
	<string>1</string>
	<key>classes</key>
	<dict/>
	<key>objectVersion</key>
	<string>46</string>
	<key>objects</key>
	<dict>
		<key>198DD8B0F7764246BDA5E2C6</key>
		<dict>
			<key>explicitFileType</key>
			<string>archive.ar</string>
			<key>includeInIndex</key>
			<string>0</string>
			<key>isa</key>
			<string>PBXFileReference</string>
			<key>path</key>
			<string>libPods.a</string>
			<key>sourceTree</key>
			<string>BUILT_PRODUCTS_DIR</string>
		</dict>
		<key>C325FE71C8294ED28C05F0BF</key>
		<dict>
			<key>buildActionMask</key>
			<string>2147483647</string>
			<key>files</key>
			<array/>
			<key>inputPaths</key>
			<array/>
			<key>isa</key>
			<string>PBXShellScriptBuildPhase</string>
			<key>name</key>
			<string>Check Pods Manifest.lock</string>
			<key>outputPaths</key>
			<array/>
			<key>runOnlyForDeploymentPostprocessing</key>
			<string>0</string>
			<key>shellPath</key>
			<string>/bin/sh</string>
			<key>shellScript</key>
			<string>diff "${PODS_ROOT}/../Podfile.lock" "${PODS_ROOT}/Manifest.lock" &gt; /dev/null
if [[ $? != 0 ]] ; then
    cat &lt;&lt; EOM
error: The sandbox is not in sync with the Podfile.lock. Run 'pod install' or update your CocoaPods installation.
EOM
    exit 1
fi
</string>
			<key>showEnvVarsInLog</key>
			<string>0</string>
		</dict>
		<key>D0236C84AF094474A9AF6795</key>
		<dict>
			<key>includeInIndex</key>
			<string>1</string>
			<key>isa</key>
			<string>PBXFileReference</string>
			<key>lastKnownFileType</key>
			<string>text.xcconfig</string>
			<key>name</key>
			<string>Pods.xcconfig</string>
			<key>path</key>
			<string>Pods/Pods.xcconfig</string>
			<key>sourceTree</key>
			<string>&lt;group&gt;</string>
		</dict>
		<key>E239E0C419623CB600E63535</key>
		<dict>
			<key>fileEncoding</key>
			<string>4</string>
			<key>isa</key>
			<string>PBXFileReference</string>
			<key>lastKnownFileType</key>
			<string>sourcecode.c.h</string>
			<key>path</key>
			<string>Picture.h</string>
			<key>sourceTree</key>
			<string>&lt;group&gt;</string>
		</dict>
		<key>E239E0C519623CB600E63535</key>
		<dict>
			<key>fileEncoding</key>
			<string>4</string>
			<key>isa</key>
			<string>PBXFileReference</string>
			<key>lastKnownFileType</key>
			<string>sourcecode.c.objc</string>
			<key>path</key>
			<string>Picture.m</string>
			<key>sourceTree</key>
			<string>&lt;group&gt;</string>
		</dict>
		<key>E239E0C619623CB600E63535</key>
		<dict>
			<key>fileRef</key>
			<string>E239E0C519623CB600E63535</string>
			<key>isa</key>
			<string>PBXBuildFile</string>
		</dict>
		<key>E239E0C719623CE600E63535</key>
		<dict>
			<key>children</key>
			<array>
				<string>E2C9CA461960B1A400EFA1EE</string>
				<string>E2C9CA471960B1A400EFA1EE</string>
				<string>E239E0C419623CB600E63535</string>
				<string>E239E0C519623CB600E63535</string>
				<string>E239E0C81962600B00E63535</string>
				<string>E239E0C91962600B00E63535</string>
				<string>E2C9CA251960B16700EFA1EE</string>
			</array>
			<key>isa</key>
			<string>PBXGroup</string>
			<key>name</key>
			<string>Core Data</string>
			<key>sourceTree</key>
			<string>&lt;group&gt;</string>
		</dict>
		<key>E239E0C81962600B00E63535</key>
		<dict>
			<key>fileEncoding</key>
			<string>4</string>
			<key>isa</key>
			<string>PBXFileReference</string>
			<key>lastKnownFileType</key>
			<string>sourcecode.c.h</string>
			<key>path</key>
			<string>Picture+Methods.h</string>
			<key>sourceTree</key>
			<string>&lt;group&gt;</string>
		</dict>
		<key>E239E0C91962600B00E63535</key>
		<dict>
			<key>fileEncoding</key>
			<string>4</string>
			<key>isa</key>
			<string>PBXFileReference</string>
			<key>lastKnownFileType</key>
			<string>sourcecode.c.objc</string>
			<key>path</key>
			<string>Picture+Methods.m</string>
			<key>sourceTree</key>
			<string>&lt;group&gt;</string>
		</dict>
		<key>E239E0CA1962600B00E63535</key>
		<dict>
			<key>fileRef</key>
			<string>E239E0C91962600B00E63535</string>
			<key>isa</key>
			<string>PBXBuildFile</string>
		</dict>
		<key>E255310B198AF86500241FC3</key>
		<dict>
			<key>fileEncoding</key>
			<string>4</string>
			<key>isa</key>
			<string>PBXFileReference</string>
			<key>lastKnownFileType</key>
			<string>sourcecode.c.h</string>
			<key>path</key>
			<string>ELPictureDataProvider.h</string>
			<key>sourceTree</key>
			<string>&lt;group&gt;</string>
		</dict>
		<key>E255310C198AF86500241FC3</key>
		<dict>
			<key>fileEncoding</key>
			<string>4</string>
			<key>isa</key>
			<string>PBXFileReference</string>
			<key>lastKnownFileType</key>
			<string>sourcecode.c.objc</string>
			<key>path</key>
			<string>ELPictureDataProvider.m</string>
			<key>sourceTree</key>
			<string>&lt;group&gt;</string>
		</dict>
		<key>E255310D198AF86500241FC3</key>
		<dict>
			<key>fileRef</key>
			<string>E255310C198AF86500241FC3</string>
			<key>isa</key>
			<string>PBXBuildFile</string>
		</dict>
		<key>E255310E198AF88200241FC3</key>
		<dict>
			<key>children</key>
			<array>
				<string>E2CD5DCA19627B95008A2C51</string>
				<string>E2CD5DCB19627B95008A2C51</string>
				<string>E2C9CA4C1960BEC300EFA1EE</string>
			</array>
			<key>isa</key>
			<string>PBXGroup</string>
			<key>name</key>
			<string>View</string>
			<key>sourceTree</key>
			<string>&lt;group&gt;</string>
		</dict>
		<key>E2C9CA051960B16700EFA1EE</key>
		<dict>
			<key>children</key>
			<array>
				<string>E2C9CA191960B16700EFA1EE</string>
				<string>E2C9CA361960B16800EFA1EE</string>
				<string>E2C9CA101960B16700EFA1EE</string>
				<string>E2C9CA0F1960B16700EFA1EE</string>
				<string>D0236C84AF094474A9AF6795</string>
			</array>
			<key>isa</key>
			<string>PBXGroup</string>
			<key>sourceTree</key>
			<string>&lt;group&gt;</string>
		</dict>
		<key>E2C9CA061960B16700EFA1EE</key>
		<dict>
			<key>attributes</key>
			<dict>
				<key>CLASSPREFIX</key>
				<string>EL</string>
				<key>LastUpgradeCheck</key>
				<string>0510</string>
				<key>ORGANIZATIONNAME</key>
				<string>Edan Lichtenstein</string>
				<key>TargetAttributes</key>
				<dict>
					<key>E2C9CA2D1960B16800EFA1EE</key>
					<dict>
						<key>TestTargetID</key>
						<string>E2C9CA0D1960B16700EFA1EE</string>
					</dict>
				</dict>
			</dict>
			<key>buildConfigurationList</key>
			<string>E2C9CA091960B16700EFA1EE</string>
			<key>compatibilityVersion</key>
			<string>Xcode 3.2</string>
			<key>developmentRegion</key>
			<string>English</string>
			<key>hasScannedForEncodings</key>
			<string>0</string>
			<key>isa</key>
			<string>PBXProject</string>
			<key>knownRegions</key>
			<array>
				<string>en</string>
			</array>
			<key>mainGroup</key>
			<string>E2C9CA051960B16700EFA1EE</string>
			<key>productRefGroup</key>
			<string>E2C9CA0F1960B16700EFA1EE</string>
			<key>projectDirPath</key>
			<string></string>
			<key>projectReferences</key>
			<array/>
			<key>projectRoot</key>
			<string></string>
			<key>targets</key>
			<array>
				<string>E2C9CA0D1960B16700EFA1EE</string>
				<string>E2C9CA2D1960B16800EFA1EE</string>
			</array>
		</dict>
		<key>E2C9CA091960B16700EFA1EE</key>
		<dict>
			<key>buildConfigurations</key>
			<array>
				<string>E2C9CA3E1960B16800EFA1EE</string>
				<string>E2C9CA3F1960B16800EFA1EE</string>
			</array>
			<key>defaultConfigurationIsVisible</key>
			<string>0</string>
			<key>defaultConfigurationName</key>
			<string>Release</string>
			<key>isa</key>
			<string>XCConfigurationList</string>
		</dict>
		<key>E2C9CA0A1960B16700EFA1EE</key>
		<dict>
			<key>buildActionMask</key>
			<string>2147483647</string>
			<key>files</key>
			<array>
				<string>E2CD5DCF1962842B008A2C51</string>
				<string>E2C9CA481960B1A400EFA1EE</string>
				<string>E239E0C619623CB600E63535</string>
				<string>E2C9CA201960B16700EFA1EE</string>
				<string>E2C9CA241960B16700EFA1EE</string>
				<string>E2C9CA271960B16700EFA1EE</string>
				<string>E2C9CA501960BF7200EFA1EE</string>
				<string>E2CD5DCC19627B95008A2C51</string>
				<string>E255310D198AF86500241FC3</string>
				<string>E2C9CA4B1960B60700EFA1EE</string>
				<string>E2CD5DC919627078008A2C51</string>
				<string>E239E0CA1962600B00E63535</string>
			</array>
			<key>isa</key>
			<string>PBXSourcesBuildPhase</string>
			<key>runOnlyForDeploymentPostprocessing</key>
			<string>0</string>
		</dict>
		<key>E2C9CA0B1960B16700EFA1EE</key>
		<dict>
			<key>buildActionMask</key>
			<string>2147483647</string>
			<key>files</key>
			<array>
				<string>E2C9CA141960B16700EFA1EE</string>
				<string>E2C9CA181960B16700EFA1EE</string>
				<string>E2C9CA161960B16700EFA1EE</string>
				<string>E2C9CA121960B16700EFA1EE</string>
				<string>E576D165BA28489DB0C46722</string>
			</array>
			<key>isa</key>
			<string>PBXFrameworksBuildPhase</string>
			<key>runOnlyForDeploymentPostprocessing</key>
			<string>0</string>
		</dict>
		<key>E2C9CA0C1960B16700EFA1EE</key>
		<dict>
			<key>buildActionMask</key>
			<string>2147483647</string>
			<key>files</key>
			<array>
				<string>E2C9CA1E1960B16700EFA1EE</string>
				<string>E2C9CA291960B16800EFA1EE</string>
				<string>E2C9CA4D1960BEC300EFA1EE</string>
			</array>
			<key>isa</key>
			<string>PBXResourcesBuildPhase</string>
			<key>runOnlyForDeploymentPostprocessing</key>
			<string>0</string>
		</dict>
		<key>E2C9CA0D1960B16700EFA1EE</key>
		<dict>
			<key>buildConfigurationList</key>
			<string>E2C9CA401960B16800EFA1EE</string>
			<key>buildPhases</key>
			<array>
				<string>C325FE71C8294ED28C05F0BF</string>
				<string>E2C9CA0A1960B16700EFA1EE</string>
				<string>E2C9CA0B1960B16700EFA1EE</string>
				<string>E2C9CA0C1960B16700EFA1EE</string>
				<string>F8E44F173E054A67955E2464</string>
			</array>
			<key>buildRules</key>
			<array/>
			<key>dependencies</key>
			<array/>
			<key>isa</key>
			<string>PBXNativeTarget</string>
			<key>name</key>
			<string>TravelBug</string>
			<key>productName</key>
			<string>TravelBug</string>
			<key>productReference</key>
			<string>E2C9CA0E1960B16700EFA1EE</string>
			<key>productType</key>
			<string>com.apple.product-type.application</string>
		</dict>
		<key>E2C9CA0E1960B16700EFA1EE</key>
		<dict>
			<key>explicitFileType</key>
			<string>wrapper.application</string>
			<key>includeInIndex</key>
			<string>0</string>
			<key>isa</key>
			<string>PBXFileReference</string>
			<key>path</key>
			<string>TravelBug.app</string>
			<key>sourceTree</key>
			<string>BUILT_PRODUCTS_DIR</string>
		</dict>
		<key>E2C9CA0F1960B16700EFA1EE</key>
		<dict>
			<key>children</key>
			<array>
				<string>E2C9CA0E1960B16700EFA1EE</string>
				<string>E2C9CA2E1960B16800EFA1EE</string>
			</array>
			<key>isa</key>
			<string>PBXGroup</string>
			<key>name</key>
			<string>Products</string>
			<key>sourceTree</key>
			<string>&lt;group&gt;</string>
		</dict>
		<key>E2C9CA101960B16700EFA1EE</key>
		<dict>
			<key>children</key>
			<array>
				<string>E2C9CA111960B16700EFA1EE</string>
				<string>E2C9CA131960B16700EFA1EE</string>
				<string>E2C9CA151960B16700EFA1EE</string>
				<string>E2C9CA171960B16700EFA1EE</string>
				<string>E2C9CA2F1960B16800EFA1EE</string>
				<string>198DD8B0F7764246BDA5E2C6</string>
			</array>
			<key>isa</key>
			<string>PBXGroup</string>
			<key>name</key>
			<string>Frameworks</string>
			<key>sourceTree</key>
			<string>&lt;group&gt;</string>
		</dict>
		<key>E2C9CA111960B16700EFA1EE</key>
		<dict>
			<key>isa</key>
			<string>PBXFileReference</string>
			<key>lastKnownFileType</key>
			<string>wrapper.framework</string>
			<key>name</key>
			<string>Foundation.framework</string>
			<key>path</key>
			<string>System/Library/Frameworks/Foundation.framework</string>
			<key>sourceTree</key>
			<string>SDKROOT</string>
		</dict>
		<key>E2C9CA121960B16700EFA1EE</key>
		<dict>
			<key>fileRef</key>
			<string>E2C9CA111960B16700EFA1EE</string>
			<key>isa</key>
			<string>PBXBuildFile</string>
		</dict>
		<key>E2C9CA131960B16700EFA1EE</key>
		<dict>
			<key>isa</key>
			<string>PBXFileReference</string>
			<key>lastKnownFileType</key>
			<string>wrapper.framework</string>
			<key>name</key>
			<string>CoreGraphics.framework</string>
			<key>path</key>
			<string>System/Library/Frameworks/CoreGraphics.framework</string>
			<key>sourceTree</key>
			<string>SDKROOT</string>
		</dict>
		<key>E2C9CA141960B16700EFA1EE</key>
		<dict>
			<key>fileRef</key>
			<string>E2C9CA131960B16700EFA1EE</string>
			<key>isa</key>
			<string>PBXBuildFile</string>
		</dict>
		<key>E2C9CA151960B16700EFA1EE</key>
		<dict>
			<key>isa</key>
			<string>PBXFileReference</string>
			<key>lastKnownFileType</key>
			<string>wrapper.framework</string>
			<key>name</key>
			<string>UIKit.framework</string>
			<key>path</key>
			<string>System/Library/Frameworks/UIKit.framework</string>
			<key>sourceTree</key>
			<string>SDKROOT</string>
		</dict>
		<key>E2C9CA161960B16700EFA1EE</key>
		<dict>
			<key>fileRef</key>
			<string>E2C9CA151960B16700EFA1EE</string>
			<key>isa</key>
			<string>PBXBuildFile</string>
		</dict>
		<key>E2C9CA171960B16700EFA1EE</key>
		<dict>
			<key>isa</key>
			<string>PBXFileReference</string>
			<key>lastKnownFileType</key>
			<string>wrapper.framework</string>
			<key>name</key>
			<string>CoreData.framework</string>
			<key>path</key>
			<string>System/Library/Frameworks/CoreData.framework</string>
			<key>sourceTree</key>
			<string>SDKROOT</string>
		</dict>
		<key>E2C9CA181960B16700EFA1EE</key>
		<dict>
			<key>fileRef</key>
			<string>E2C9CA171960B16700EFA1EE</string>
			<key>isa</key>
			<string>PBXBuildFile</string>
		</dict>
		<key>E2C9CA191960B16700EFA1EE</key>
		<dict>
			<key>children</key>
			<array>
				<string>E2C9CA221960B16700EFA1EE</string>
				<string>E2C9CA231960B16700EFA1EE</string>
				<string>E2C9CA491960B60700EFA1EE</string>
				<string>E2C9CA4A1960B60700EFA1EE</string>
				<string>E255310B198AF86500241FC3</string>
				<string>E255310C198AF86500241FC3</string>
				<string>E255310E198AF88200241FC3</string>
				<string>E2CD5DC619626C14008A2C51</string>
				<string>E2C9CA281960B16800EFA1EE</string>
				<string>E239E0C719623CE600E63535</string>
				<string>E2C9CA1A1960B16700EFA1EE</string>
			</array>
			<key>isa</key>
			<string>PBXGroup</string>
			<key>path</key>
			<string>TravelBug</string>
			<key>sourceTree</key>
			<string>&lt;group&gt;</string>
		</dict>
		<key>E2C9CA1A1960B16700EFA1EE</key>
		<dict>
			<key>children</key>
			<array>
				<string>E2C9CA1B1960B16700EFA1EE</string>
				<string>E2C9CA1C1960B16700EFA1EE</string>
				<string>E2C9CA1F1960B16700EFA1EE</string>
				<string>E2C9CA211960B16700EFA1EE</string>
			</array>
			<key>isa</key>
			<string>PBXGroup</string>
			<key>name</key>
			<string>Supporting Files</string>
			<key>sourceTree</key>
			<string>&lt;group&gt;</string>
		</dict>
		<key>E2C9CA1B1960B16700EFA1EE</key>
		<dict>
			<key>isa</key>
			<string>PBXFileReference</string>
			<key>lastKnownFileType</key>
			<string>text.plist.xml</string>
			<key>path</key>
			<string>TravelBug-Info.plist</string>
			<key>sourceTree</key>
			<string>&lt;group&gt;</string>
		</dict>
		<key>E2C9CA1C1960B16700EFA1EE</key>
		<dict>
			<key>children</key>
			<array>
				<string>E2C9CA1D1960B16700EFA1EE</string>
			</array>
			<key>isa</key>
			<string>PBXVariantGroup</string>
			<key>name</key>
			<string>InfoPlist.strings</string>
			<key>sourceTree</key>
			<string>&lt;group&gt;</string>
		</dict>
		<key>E2C9CA1D1960B16700EFA1EE</key>
		<dict>
			<key>isa</key>
			<string>PBXFileReference</string>
			<key>lastKnownFileType</key>
			<string>text.plist.strings</string>
			<key>name</key>
			<string>en</string>
			<key>path</key>
			<string>en.lproj/InfoPlist.strings</string>
			<key>sourceTree</key>
			<string>&lt;group&gt;</string>
		</dict>
		<key>E2C9CA1E1960B16700EFA1EE</key>
		<dict>
			<key>fileRef</key>
			<string>E2C9CA1C1960B16700EFA1EE</string>
			<key>isa</key>
			<string>PBXBuildFile</string>
		</dict>
		<key>E2C9CA1F1960B16700EFA1EE</key>
		<dict>
			<key>isa</key>
			<string>PBXFileReference</string>
			<key>lastKnownFileType</key>
			<string>sourcecode.c.objc</string>
			<key>path</key>
			<string>main.m</string>
			<key>sourceTree</key>
			<string>&lt;group&gt;</string>
		</dict>
		<key>E2C9CA201960B16700EFA1EE</key>
		<dict>
			<key>fileRef</key>
			<string>E2C9CA1F1960B16700EFA1EE</string>
			<key>isa</key>
			<string>PBXBuildFile</string>
		</dict>
		<key>E2C9CA211960B16700EFA1EE</key>
		<dict>
			<key>isa</key>
			<string>PBXFileReference</string>
			<key>lastKnownFileType</key>
			<string>sourcecode.c.h</string>
			<key>path</key>
			<string>TravelBug-Prefix.pch</string>
			<key>sourceTree</key>
			<string>&lt;group&gt;</string>
		</dict>
		<key>E2C9CA221960B16700EFA1EE</key>
		<dict>
			<key>isa</key>
			<string>PBXFileReference</string>
			<key>lastKnownFileType</key>
			<string>sourcecode.c.h</string>
			<key>path</key>
			<string>ELAppDelegate.h</string>
			<key>sourceTree</key>
			<string>&lt;group&gt;</string>
		</dict>
		<key>E2C9CA231960B16700EFA1EE</key>
		<dict>
			<key>isa</key>
			<string>PBXFileReference</string>
			<key>lastKnownFileType</key>
			<string>sourcecode.c.objc</string>
			<key>path</key>
			<string>ELAppDelegate.m</string>
			<key>sourceTree</key>
			<string>&lt;group&gt;</string>
		</dict>
		<key>E2C9CA241960B16700EFA1EE</key>
		<dict>
			<key>fileRef</key>
			<string>E2C9CA231960B16700EFA1EE</string>
			<key>isa</key>
			<string>PBXBuildFile</string>
		</dict>
		<key>E2C9CA251960B16700EFA1EE</key>
		<dict>
			<key>children</key>
			<array>
				<string>E2C9CA261960B16700EFA1EE</string>
			</array>
			<key>currentVersion</key>
			<string>E2C9CA261960B16700EFA1EE</string>
			<key>isa</key>
			<string>XCVersionGroup</string>
			<key>path</key>
			<string>TravelBug.xcdatamodeld</string>
			<key>sourceTree</key>
			<string>&lt;group&gt;</string>
			<key>versionGroupType</key>
			<string>wrapper.xcdatamodel</string>
		</dict>
		<key>E2C9CA261960B16700EFA1EE</key>
		<dict>
			<key>isa</key>
			<string>PBXFileReference</string>
			<key>lastKnownFileType</key>
			<string>wrapper.xcdatamodel</string>
			<key>path</key>
			<string>TravelBug.xcdatamodel</string>
			<key>sourceTree</key>
			<string>&lt;group&gt;</string>
		</dict>
		<key>E2C9CA271960B16700EFA1EE</key>
		<dict>
			<key>fileRef</key>
			<string>E2C9CA251960B16700EFA1EE</string>
			<key>isa</key>
			<string>PBXBuildFile</string>
		</dict>
		<key>E2C9CA281960B16800EFA1EE</key>
		<dict>
			<key>isa</key>
			<string>PBXFileReference</string>
			<key>lastKnownFileType</key>
			<string>folder.assetcatalog</string>
			<key>path</key>
			<string>Images.xcassets</string>
			<key>sourceTree</key>
			<string>&lt;group&gt;</string>
		</dict>
		<key>E2C9CA291960B16800EFA1EE</key>
		<dict>
			<key>fileRef</key>
			<string>E2C9CA281960B16800EFA1EE</string>
			<key>isa</key>
			<string>PBXBuildFile</string>
		</dict>
		<key>E2C9CA2A1960B16800EFA1EE</key>
		<dict>
			<key>buildActionMask</key>
			<string>2147483647</string>
			<key>files</key>
			<array>
				<string>E2C9CA3D1960B16800EFA1EE</string>
			</array>
			<key>isa</key>
			<string>PBXSourcesBuildPhase</string>
			<key>runOnlyForDeploymentPostprocessing</key>
			<string>0</string>
		</dict>
		<key>E2C9CA2B1960B16800EFA1EE</key>
		<dict>
			<key>buildActionMask</key>
			<string>2147483647</string>
			<key>files</key>
			<array>
				<string>E2C9CA301960B16800EFA1EE</string>
				<string>E2C9CA331960B16800EFA1EE</string>
				<string>E2C9CA321960B16800EFA1EE</string>
				<string>E2C9CA311960B16800EFA1EE</string>
			</array>
			<key>isa</key>
			<string>PBXFrameworksBuildPhase</string>
			<key>runOnlyForDeploymentPostprocessing</key>
			<string>0</string>
		</dict>
		<key>E2C9CA2C1960B16800EFA1EE</key>
		<dict>
			<key>buildActionMask</key>
			<string>2147483647</string>
			<key>files</key>
			<array>
				<string>E2C9CA3B1960B16800EFA1EE</string>
			</array>
			<key>isa</key>
			<string>PBXResourcesBuildPhase</string>
			<key>runOnlyForDeploymentPostprocessing</key>
			<string>0</string>
		</dict>
		<key>E2C9CA2D1960B16800EFA1EE</key>
		<dict>
			<key>buildConfigurationList</key>
			<string>E2C9CA431960B16800EFA1EE</string>
			<key>buildPhases</key>
			<array>
				<string>E2C9CA2A1960B16800EFA1EE</string>
				<string>E2C9CA2B1960B16800EFA1EE</string>
				<string>E2C9CA2C1960B16800EFA1EE</string>
			</array>
			<key>buildRules</key>
			<array/>
			<key>dependencies</key>
			<array>
				<string>E2C9CA351960B16800EFA1EE</string>
			</array>
			<key>isa</key>
			<string>PBXNativeTarget</string>
			<key>name</key>
			<string>TravelBugTests</string>
			<key>productName</key>
			<string>TravelBugTests</string>
			<key>productReference</key>
			<string>E2C9CA2E1960B16800EFA1EE</string>
			<key>productType</key>
			<string>com.apple.product-type.bundle.unit-test</string>
		</dict>
		<key>E2C9CA2E1960B16800EFA1EE</key>
		<dict>
			<key>explicitFileType</key>
			<string>wrapper.cfbundle</string>
			<key>includeInIndex</key>
			<string>0</string>
			<key>isa</key>
			<string>PBXFileReference</string>
			<key>path</key>
			<string>TravelBugTests.xctest</string>
			<key>sourceTree</key>
			<string>BUILT_PRODUCTS_DIR</string>
		</dict>
		<key>E2C9CA2F1960B16800EFA1EE</key>
		<dict>
			<key>isa</key>
			<string>PBXFileReference</string>
			<key>lastKnownFileType</key>
			<string>wrapper.framework</string>
			<key>name</key>
			<string>XCTest.framework</string>
			<key>path</key>
			<string>Library/Frameworks/XCTest.framework</string>
			<key>sourceTree</key>
			<string>DEVELOPER_DIR</string>
		</dict>
		<key>E2C9CA301960B16800EFA1EE</key>
		<dict>
			<key>fileRef</key>
			<string>E2C9CA2F1960B16800EFA1EE</string>
			<key>isa</key>
			<string>PBXBuildFile</string>
		</dict>
		<key>E2C9CA311960B16800EFA1EE</key>
		<dict>
			<key>fileRef</key>
			<string>E2C9CA111960B16700EFA1EE</string>
			<key>isa</key>
			<string>PBXBuildFile</string>
		</dict>
		<key>E2C9CA321960B16800EFA1EE</key>
		<dict>
			<key>fileRef</key>
			<string>E2C9CA151960B16700EFA1EE</string>
			<key>isa</key>
			<string>PBXBuildFile</string>
		</dict>
		<key>E2C9CA331960B16800EFA1EE</key>
		<dict>
			<key>fileRef</key>
			<string>E2C9CA171960B16700EFA1EE</string>
			<key>isa</key>
			<string>PBXBuildFile</string>
		</dict>
		<key>E2C9CA341960B16800EFA1EE</key>
		<dict>
			<key>containerPortal</key>
			<string>E2C9CA061960B16700EFA1EE</string>
			<key>isa</key>
			<string>PBXContainerItemProxy</string>
			<key>proxyType</key>
			<string>1</string>
			<key>remoteGlobalIDString</key>
			<string>E2C9CA0D1960B16700EFA1EE</string>
			<key>remoteInfo</key>
			<string>TravelBug</string>
		</dict>
		<key>E2C9CA351960B16800EFA1EE</key>
		<dict>
			<key>isa</key>
			<string>PBXTargetDependency</string>
			<key>target</key>
			<string>E2C9CA0D1960B16700EFA1EE</string>
			<key>targetProxy</key>
			<string>E2C9CA341960B16800EFA1EE</string>
		</dict>
		<key>E2C9CA361960B16800EFA1EE</key>
		<dict>
			<key>children</key>
			<array>
				<string>E2C9CA3C1960B16800EFA1EE</string>
				<string>E2C9CA371960B16800EFA1EE</string>
			</array>
			<key>isa</key>
			<string>PBXGroup</string>
			<key>path</key>
			<string>TravelBugTests</string>
			<key>sourceTree</key>
			<string>&lt;group&gt;</string>
		</dict>
		<key>E2C9CA371960B16800EFA1EE</key>
		<dict>
			<key>children</key>
			<array>
				<string>E2C9CA381960B16800EFA1EE</string>
				<string>E2C9CA391960B16800EFA1EE</string>
			</array>
			<key>isa</key>
			<string>PBXGroup</string>
			<key>name</key>
			<string>Supporting Files</string>
			<key>sourceTree</key>
			<string>&lt;group&gt;</string>
		</dict>
		<key>E2C9CA381960B16800EFA1EE</key>
		<dict>
			<key>isa</key>
			<string>PBXFileReference</string>
			<key>lastKnownFileType</key>
			<string>text.plist.xml</string>
			<key>path</key>
			<string>TravelBugTests-Info.plist</string>
			<key>sourceTree</key>
			<string>&lt;group&gt;</string>
		</dict>
		<key>E2C9CA391960B16800EFA1EE</key>
		<dict>
			<key>children</key>
			<array>
				<string>E2C9CA3A1960B16800EFA1EE</string>
			</array>
			<key>isa</key>
			<string>PBXVariantGroup</string>
			<key>name</key>
			<string>InfoPlist.strings</string>
			<key>sourceTree</key>
			<string>&lt;group&gt;</string>
		</dict>
		<key>E2C9CA3A1960B16800EFA1EE</key>
		<dict>
			<key>isa</key>
			<string>PBXFileReference</string>
			<key>lastKnownFileType</key>
			<string>text.plist.strings</string>
			<key>name</key>
			<string>en</string>
			<key>path</key>
			<string>en.lproj/InfoPlist.strings</string>
			<key>sourceTree</key>
			<string>&lt;group&gt;</string>
		</dict>
		<key>E2C9CA3B1960B16800EFA1EE</key>
		<dict>
			<key>fileRef</key>
			<string>E2C9CA391960B16800EFA1EE</string>
			<key>isa</key>
			<string>PBXBuildFile</string>
		</dict>
		<key>E2C9CA3C1960B16800EFA1EE</key>
		<dict>
			<key>isa</key>
			<string>PBXFileReference</string>
			<key>lastKnownFileType</key>
			<string>sourcecode.c.objc</string>
			<key>path</key>
			<string>TravelBugTests.m</string>
			<key>sourceTree</key>
			<string>&lt;group&gt;</string>
		</dict>
		<key>E2C9CA3D1960B16800EFA1EE</key>
		<dict>
			<key>fileRef</key>
			<string>E2C9CA3C1960B16800EFA1EE</string>
			<key>isa</key>
			<string>PBXBuildFile</string>
		</dict>
		<key>E2C9CA3E1960B16800EFA1EE</key>
		<dict>
			<key>buildSettings</key>
			<dict>
				<key>ALWAYS_SEARCH_USER_PATHS</key>
				<string>NO</string>
				<key>CLANG_CXX_LANGUAGE_STANDARD</key>
				<string>gnu++0x</string>
				<key>CLANG_CXX_LIBRARY</key>
				<string>libc++</string>
				<key>CLANG_ENABLE_MODULES</key>
				<string>YES</string>
				<key>CLANG_ENABLE_OBJC_ARC</key>
				<string>YES</string>
				<key>CLANG_WARN_BOOL_CONVERSION</key>
				<string>YES</string>
				<key>CLANG_WARN_CONSTANT_CONVERSION</key>
				<string>YES</string>
				<key>CLANG_WARN_DIRECT_OBJC_ISA_USAGE</key>
				<string>YES_ERROR</string>
				<key>CLANG_WARN_EMPTY_BODY</key>
				<string>YES</string>
				<key>CLANG_WARN_ENUM_CONVERSION</key>
				<string>YES</string>
				<key>CLANG_WARN_INT_CONVERSION</key>
				<string>YES</string>
				<key>CLANG_WARN_OBJC_ROOT_CLASS</key>
				<string>YES_ERROR</string>
				<key>CLANG_WARN__DUPLICATE_METHOD_MATCH</key>
				<string>YES</string>
				<key>CODE_SIGN_IDENTITY[sdk=iphoneos*]</key>
				<string>iPhone Developer</string>
				<key>COPY_PHASE_STRIP</key>
				<string>NO</string>
				<key>GCC_C_LANGUAGE_STANDARD</key>
				<string>gnu99</string>
				<key>GCC_DYNAMIC_NO_PIC</key>
				<string>NO</string>
				<key>GCC_OPTIMIZATION_LEVEL</key>
				<string>0</string>
				<key>GCC_PREPROCESSOR_DEFINITIONS</key>
				<array>
					<string>DEBUG=1</string>
					<string>$(inherited)</string>
				</array>
				<key>GCC_SYMBOLS_PRIVATE_EXTERN</key>
				<string>NO</string>
				<key>GCC_WARN_64_TO_32_BIT_CONVERSION</key>
				<string>YES</string>
				<key>GCC_WARN_ABOUT_RETURN_TYPE</key>
				<string>YES_ERROR</string>
				<key>GCC_WARN_UNDECLARED_SELECTOR</key>
				<string>YES</string>
				<key>GCC_WARN_UNINITIALIZED_AUTOS</key>
				<string>YES_AGGRESSIVE</string>
				<key>GCC_WARN_UNUSED_FUNCTION</key>
				<string>YES</string>
				<key>GCC_WARN_UNUSED_VARIABLE</key>
				<string>YES</string>
				<key>IPHONEOS_DEPLOYMENT_TARGET</key>
				<string>7.1</string>
				<key>ONLY_ACTIVE_ARCH</key>
				<string>YES</string>
				<key>SDKROOT</key>
				<string>iphoneos</string>
			</dict>
			<key>isa</key>
			<string>XCBuildConfiguration</string>
			<key>name</key>
			<string>Debug</string>
		</dict>
		<key>E2C9CA3F1960B16800EFA1EE</key>
		<dict>
			<key>buildSettings</key>
			<dict>
				<key>ALWAYS_SEARCH_USER_PATHS</key>
				<string>NO</string>
				<key>CLANG_CXX_LANGUAGE_STANDARD</key>
				<string>gnu++0x</string>
				<key>CLANG_CXX_LIBRARY</key>
				<string>libc++</string>
				<key>CLANG_ENABLE_MODULES</key>
				<string>YES</string>
				<key>CLANG_ENABLE_OBJC_ARC</key>
				<string>YES</string>
				<key>CLANG_WARN_BOOL_CONVERSION</key>
				<string>YES</string>
				<key>CLANG_WARN_CONSTANT_CONVERSION</key>
				<string>YES</string>
				<key>CLANG_WARN_DIRECT_OBJC_ISA_USAGE</key>
				<string>YES_ERROR</string>
				<key>CLANG_WARN_EMPTY_BODY</key>
				<string>YES</string>
				<key>CLANG_WARN_ENUM_CONVERSION</key>
				<string>YES</string>
				<key>CLANG_WARN_INT_CONVERSION</key>
				<string>YES</string>
				<key>CLANG_WARN_OBJC_ROOT_CLASS</key>
				<string>YES_ERROR</string>
				<key>CLANG_WARN__DUPLICATE_METHOD_MATCH</key>
				<string>YES</string>
				<key>CODE_SIGN_IDENTITY[sdk=iphoneos*]</key>
				<string>iPhone Developer</string>
				<key>COPY_PHASE_STRIP</key>
				<string>YES</string>
				<key>ENABLE_NS_ASSERTIONS</key>
				<string>NO</string>
				<key>GCC_C_LANGUAGE_STANDARD</key>
				<string>gnu99</string>
				<key>GCC_WARN_64_TO_32_BIT_CONVERSION</key>
				<string>YES</string>
				<key>GCC_WARN_ABOUT_RETURN_TYPE</key>
				<string>YES_ERROR</string>
				<key>GCC_WARN_UNDECLARED_SELECTOR</key>
				<string>YES</string>
				<key>GCC_WARN_UNINITIALIZED_AUTOS</key>
				<string>YES_AGGRESSIVE</string>
				<key>GCC_WARN_UNUSED_FUNCTION</key>
				<string>YES</string>
				<key>GCC_WARN_UNUSED_VARIABLE</key>
				<string>YES</string>
				<key>IPHONEOS_DEPLOYMENT_TARGET</key>
				<string>7.1</string>
				<key>SDKROOT</key>
				<string>iphoneos</string>
				<key>VALIDATE_PRODUCT</key>
				<string>YES</string>
			</dict>
			<key>isa</key>
			<string>XCBuildConfiguration</string>
			<key>name</key>
			<string>Release</string>
		</dict>
		<key>E2C9CA401960B16800EFA1EE</key>
		<dict>
			<key>buildConfigurations</key>
			<array>
				<string>E2C9CA411960B16800EFA1EE</string>
				<string>E2C9CA421960B16800EFA1EE</string>
			</array>
			<key>defaultConfigurationIsVisible</key>
			<string>0</string>
			<key>defaultConfigurationName</key>
			<string>Release</string>
			<key>isa</key>
			<string>XCConfigurationList</string>
		</dict>
		<key>E2C9CA411960B16800EFA1EE</key>
		<dict>
			<key>baseConfigurationReference</key>
			<string>D0236C84AF094474A9AF6795</string>
			<key>buildSettings</key>
			<dict>
				<key>ASSETCATALOG_COMPILER_APPICON_NAME</key>
				<string>AppIcon</string>
				<key>ASSETCATALOG_COMPILER_LAUNCHIMAGE_NAME</key>
				<string>LaunchImage</string>
				<key>GCC_PRECOMPILE_PREFIX_HEADER</key>
				<string>YES</string>
				<key>GCC_PREFIX_HEADER</key>
				<string>TravelBug/TravelBug-Prefix.pch</string>
				<key>INFOPLIST_FILE</key>
				<string>TravelBug/TravelBug-Info.plist</string>
				<key>PRODUCT_NAME</key>
				<string>$(TARGET_NAME)</string>
				<key>WRAPPER_EXTENSION</key>
				<string>app</string>
			</dict>
			<key>isa</key>
			<string>XCBuildConfiguration</string>
			<key>name</key>
			<string>Debug</string>
		</dict>
		<key>E2C9CA421960B16800EFA1EE</key>
		<dict>
			<key>baseConfigurationReference</key>
			<string>D0236C84AF094474A9AF6795</string>
			<key>buildSettings</key>
			<dict>
				<key>ASSETCATALOG_COMPILER_APPICON_NAME</key>
				<string>AppIcon</string>
				<key>ASSETCATALOG_COMPILER_LAUNCHIMAGE_NAME</key>
				<string>LaunchImage</string>
				<key>GCC_PRECOMPILE_PREFIX_HEADER</key>
				<string>YES</string>
				<key>GCC_PREFIX_HEADER</key>
				<string>TravelBug/TravelBug-Prefix.pch</string>
				<key>INFOPLIST_FILE</key>
				<string>TravelBug/TravelBug-Info.plist</string>
				<key>PRODUCT_NAME</key>
				<string>$(TARGET_NAME)</string>
				<key>WRAPPER_EXTENSION</key>
				<string>app</string>
			</dict>
			<key>isa</key>
			<string>XCBuildConfiguration</string>
			<key>name</key>
			<string>Release</string>
		</dict>
		<key>E2C9CA431960B16800EFA1EE</key>
		<dict>
			<key>buildConfigurations</key>
			<array>
				<string>E2C9CA441960B16800EFA1EE</string>
				<string>E2C9CA451960B16800EFA1EE</string>
			</array>
			<key>defaultConfigurationIsVisible</key>
			<string>0</string>
			<key>defaultConfigurationName</key>
			<string>Release</string>
			<key>isa</key>
			<string>XCConfigurationList</string>
		</dict>
		<key>E2C9CA441960B16800EFA1EE</key>
		<dict>
			<key>buildSettings</key>
			<dict>
				<key>BUNDLE_LOADER</key>
				<string>$(BUILT_PRODUCTS_DIR)/TravelBug.app/TravelBug</string>
				<key>FRAMEWORK_SEARCH_PATHS</key>
				<array>
					<string>$(SDKROOT)/Developer/Library/Frameworks</string>
					<string>$(inherited)</string>
					<string>$(DEVELOPER_FRAMEWORKS_DIR)</string>
				</array>
				<key>GCC_PRECOMPILE_PREFIX_HEADER</key>
				<string>YES</string>
				<key>GCC_PREFIX_HEADER</key>
				<string>TravelBug/TravelBug-Prefix.pch</string>
				<key>GCC_PREPROCESSOR_DEFINITIONS</key>
				<array>
					<string>DEBUG=1</string>
					<string>$(inherited)</string>
				</array>
				<key>INFOPLIST_FILE</key>
				<string>TravelBugTests/TravelBugTests-Info.plist</string>
				<key>PRODUCT_NAME</key>
				<string>$(TARGET_NAME)</string>
				<key>TEST_HOST</key>
				<string>$(BUNDLE_LOADER)</string>
				<key>WRAPPER_EXTENSION</key>
				<string>xctest</string>
			</dict>
			<key>isa</key>
			<string>XCBuildConfiguration</string>
			<key>name</key>
			<string>Debug</string>
		</dict>
		<key>E2C9CA451960B16800EFA1EE</key>
		<dict>
			<key>buildSettings</key>
			<dict>
				<key>BUNDLE_LOADER</key>
				<string>$(BUILT_PRODUCTS_DIR)/TravelBug.app/TravelBug</string>
				<key>FRAMEWORK_SEARCH_PATHS</key>
				<array>
					<string>$(SDKROOT)/Developer/Library/Frameworks</string>
					<string>$(inherited)</string>
					<string>$(DEVELOPER_FRAMEWORKS_DIR)</string>
				</array>
				<key>GCC_PRECOMPILE_PREFIX_HEADER</key>
				<string>YES</string>
				<key>GCC_PREFIX_HEADER</key>
				<string>TravelBug/TravelBug-Prefix.pch</string>
				<key>INFOPLIST_FILE</key>
				<string>TravelBugTests/TravelBugTests-Info.plist</string>
				<key>PRODUCT_NAME</key>
				<string>$(TARGET_NAME)</string>
				<key>TEST_HOST</key>
				<string>$(BUNDLE_LOADER)</string>
				<key>WRAPPER_EXTENSION</key>
				<string>xctest</string>
			</dict>
			<key>isa</key>
			<string>XCBuildConfiguration</string>
			<key>name</key>
			<string>Release</string>
		</dict>
		<key>E2C9CA461960B1A400EFA1EE</key>
		<dict>
			<key>fileEncoding</key>
			<string>4</string>
			<key>isa</key>
			<string>PBXFileReference</string>
			<key>lastKnownFileType</key>
			<string>sourcecode.c.h</string>
			<key>path</key>
			<string>ELDataStore.h</string>
			<key>sourceTree</key>
			<string>&lt;group&gt;</string>
		</dict>
		<key>E2C9CA471960B1A400EFA1EE</key>
		<dict>
			<key>fileEncoding</key>
			<string>4</string>
			<key>isa</key>
			<string>PBXFileReference</string>
			<key>lastKnownFileType</key>
			<string>sourcecode.c.objc</string>
			<key>path</key>
			<string>ELDataStore.m</string>
			<key>sourceTree</key>
			<string>&lt;group&gt;</string>
		</dict>
		<key>E2C9CA481960B1A400EFA1EE</key>
		<dict>
			<key>fileRef</key>
			<string>E2C9CA471960B1A400EFA1EE</string>
			<key>isa</key>
			<string>PBXBuildFile</string>
		</dict>
		<key>E2C9CA491960B60700EFA1EE</key>
		<dict>
			<key>fileEncoding</key>
			<string>4</string>
			<key>isa</key>
			<string>PBXFileReference</string>
			<key>lastKnownFileType</key>
			<string>sourcecode.c.h</string>
			<key>path</key>
			<string>ELConstants.h</string>
			<key>sourceTree</key>
			<string>&lt;group&gt;</string>
		</dict>
		<key>E2C9CA4A1960B60700EFA1EE</key>
		<dict>
			<key>fileEncoding</key>
			<string>4</string>
			<key>isa</key>
			<string>PBXFileReference</string>
			<key>lastKnownFileType</key>
			<string>sourcecode.c.objc</string>
			<key>path</key>
			<string>ELConstants.m</string>
			<key>sourceTree</key>
			<string>&lt;group&gt;</string>
		</dict>
		<key>E2C9CA4B1960B60700EFA1EE</key>
		<dict>
			<key>fileRef</key>
			<string>E2C9CA4A1960B60700EFA1EE</string>
			<key>isa</key>
			<string>PBXBuildFile</string>
		</dict>
		<key>E2C9CA4C1960BEC300EFA1EE</key>
		<dict>
			<key>fileEncoding</key>
			<string>4</string>
			<key>isa</key>
			<string>PBXFileReference</string>
			<key>lastKnownFileType</key>
			<string>file.storyboard</string>
			<key>path</key>
			<string>Storyboard.storyboard</string>
			<key>sourceTree</key>
			<string>&lt;group&gt;</string>
		</dict>
		<key>E2C9CA4D1960BEC300EFA1EE</key>
		<dict>
			<key>fileRef</key>
			<string>E2C9CA4C1960BEC300EFA1EE</string>
			<key>isa</key>
			<string>PBXBuildFile</string>
		</dict>
		<key>E2C9CA4E1960BF7200EFA1EE</key>
		<dict>
			<key>fileEncoding</key>
			<string>4</string>
			<key>isa</key>
			<string>PBXFileReference</string>
			<key>lastKnownFileType</key>
			<string>sourcecode.c.h</string>
			<key>path</key>
			<string>ELInstagramConsoleViewController.h</string>
			<key>sourceTree</key>
			<string>&lt;group&gt;</string>
		</dict>
		<key>E2C9CA4F1960BF7200EFA1EE</key>
		<dict>
			<key>fileEncoding</key>
			<string>4</string>
			<key>isa</key>
			<string>PBXFileReference</string>
			<key>lastKnownFileType</key>
			<string>sourcecode.c.objc</string>
			<key>path</key>
			<string>ELInstagramConsoleViewController.m</string>
			<key>sourceTree</key>
			<string>&lt;group&gt;</string>
		</dict>
		<key>E2C9CA501960BF7200EFA1EE</key>
		<dict>
			<key>fileRef</key>
			<string>E2C9CA4F1960BF7200EFA1EE</string>
			<key>isa</key>
			<string>PBXBuildFile</string>
		</dict>
		<key>E2CD5DC619626C14008A2C51</key>
		<dict>
			<key>children</key>
			<array>
				<string>E2C9CA4E1960BF7200EFA1EE</string>
				<string>E2C9CA4F1960BF7200EFA1EE</string>
				<string>E2CD5DC719627078008A2C51</string>
				<string>E2CD5DC819627078008A2C51</string>
				<string>E2CD5DCD1962842B008A2C51</string>
				<string>E2CD5DCE1962842B008A2C51</string>
			</array>
			<key>isa</key>
			<string>PBXGroup</string>
			<key>name</key>
			<string>View Controllers</string>
			<key>sourceTree</key>
			<string>&lt;group&gt;</string>
		</dict>
		<key>E2CD5DC719627078008A2C51</key>
		<dict>
			<key>fileEncoding</key>
			<string>4</string>
			<key>isa</key>
			<string>PBXFileReference</string>
			<key>lastKnownFileType</key>
			<string>sourcecode.c.h</string>
			<key>path</key>
			<string>ELThumbnailListViewController.h</string>
			<key>sourceTree</key>
			<string>&lt;group&gt;</string>
		</dict>
		<key>E2CD5DC819627078008A2C51</key>
		<dict>
			<key>fileEncoding</key>
			<string>4</string>
			<key>isa</key>
			<string>PBXFileReference</string>
			<key>lastKnownFileType</key>
			<string>sourcecode.c.objc</string>
			<key>path</key>
			<string>ELThumbnailListViewController.m</string>
			<key>sourceTree</key>
			<string>&lt;group&gt;</string>
		</dict>
		<key>E2CD5DC919627078008A2C51</key>
		<dict>
			<key>fileRef</key>
			<string>E2CD5DC819627078008A2C51</string>
			<key>isa</key>
			<string>PBXBuildFile</string>
		</dict>
		<key>E2CD5DCA19627B95008A2C51</key>
		<dict>
			<key>fileEncoding</key>
			<string>4</string>
			<key>isa</key>
			<string>PBXFileReference</string>
			<key>lastKnownFileType</key>
			<string>sourcecode.c.h</string>
			<key>path</key>
			<string>ELCustomThumbnailTableViewCell.h</string>
			<key>sourceTree</key>
			<string>&lt;group&gt;</string>
		</dict>
		<key>E2CD5DCB19627B95008A2C51</key>
		<dict>
			<key>fileEncoding</key>
			<string>4</string>
			<key>isa</key>
			<string>PBXFileReference</string>
			<key>lastKnownFileType</key>
			<string>sourcecode.c.objc</string>
			<key>path</key>
			<string>ELCustomThumbnailTableViewCell.m</string>
			<key>sourceTree</key>
			<string>&lt;group&gt;</string>
		</dict>
		<key>E2CD5DCC19627B95008A2C51</key>
		<dict>
			<key>fileRef</key>
			<string>E2CD5DCB19627B95008A2C51</string>
			<key>isa</key>
			<string>PBXBuildFile</string>
		</dict>
		<key>E2CD5DCD1962842B008A2C51</key>
		<dict>
			<key>fileEncoding</key>
			<string>4</string>
			<key>isa</key>
			<string>PBXFileReference</string>
			<key>lastKnownFileType</key>
			<string>sourcecode.c.h</string>
			<key>path</key>
			<string>ELPictureViewController.h</string>
			<key>sourceTree</key>
			<string>&lt;group&gt;</string>
		</dict>
		<key>E2CD5DCE1962842B008A2C51</key>
		<dict>
			<key>fileEncoding</key>
			<string>4</string>
			<key>isa</key>
			<string>PBXFileReference</string>
			<key>lastKnownFileType</key>
			<string>sourcecode.c.objc</string>
			<key>path</key>
			<string>ELPictureViewController.m</string>
			<key>sourceTree</key>
			<string>&lt;group&gt;</string>
		</dict>
		<key>E2CD5DCF1962842B008A2C51</key>
		<dict>
			<key>fileRef</key>
			<string>E2CD5DCE1962842B008A2C51</string>
			<key>isa</key>
			<string>PBXBuildFile</string>
		</dict>
		<key>E576D165BA28489DB0C46722</key>
		<dict>
			<key>fileRef</key>
			<string>198DD8B0F7764246BDA5E2C6</string>
			<key>isa</key>
			<string>PBXBuildFile</string>
		</dict>
		<key>F8E44F173E054A67955E2464</key>
		<dict>
			<key>buildActionMask</key>
			<string>2147483647</string>
			<key>files</key>
			<array/>
			<key>inputPaths</key>
			<array/>
			<key>isa</key>
			<string>PBXShellScriptBuildPhase</string>
			<key>name</key>
			<string>Copy Pods Resources</string>
			<key>outputPaths</key>
			<array/>
			<key>runOnlyForDeploymentPostprocessing</key>
			<string>0</string>
			<key>shellPath</key>
			<string>/bin/sh</string>
			<key>shellScript</key>
			<string>"${SRCROOT}/Pods/Pods-resources.sh"
</string>
			<key>showEnvVarsInLog</key>
			<string>0</string>
		</dict>
	</dict>
	<key>rootObject</key>
	<string>E2C9CA061960B16700EFA1EE</string>
</dict>
</plist>
